
Microsoft Visual Studio Solution File, Format Version 12.00
# Visual Studio Version 16
VisualStudioVersion = 16.0.809.0
MinimumVisualStudioVersion = 10.0.40219.1
Project("{FAE04EC0-301F-11D3-BF4B-00C04F79EFBC}") = "RollingRetention", "RollingRetention\RollingRetention.csproj", "{00FA3F95-00BE-41DE-B953-A6590A13E6AF}"
EndProject
Global
	GlobalSection(SolutionConfigurationPlatforms) = preSolution
		Debug|Any CPU = Debug|Any CPU
		Release|Any CPU = Release|Any CPU
	EndGlobalSection
	GlobalSection(ProjectConfigurationPlatforms) = postSolution
		{00FA3F95-00BE-41DE-B953-A6590A13E6AF}.Debug|Any CPU.ActiveCfg = Debug|Any CPU
		{00FA3F95-00BE-41DE-B953-A6590A13E6AF}.Debug|Any CPU.Build.0 = Debug|Any CPU
		{00FA3F95-00BE-41DE-B953-A6590A13E6AF}.Release|Any CPU.ActiveCfg = Release|Any CPU
		{00FA3F95-00BE-41DE-B953-A6590A13E6AF}.Release|Any CPU.Build.0 = Release|Any CPU
	EndGlobalSection
	GlobalSection(SolutionProperties) = preSolution
		HideSolutionNode = FALSE
	EndGlobalSection
	GlobalSection(ExtensibilityGlobals) = postSolution
		SolutionGuid = {D682CD1B-D08D-4F92-A4AE-2849CA805CE6}
	EndGlobalSection
EndGlobal
